
Microsoft Visual Studio Solution File, Format Version 12.00
# Visual Studio Version 16
VisualStudioVersion = 16.0.31402.337
MinimumVisualStudioVersion = 10.0.40219.1
Project("{FAE04EC0-301F-11D3-BF4B-00C04F79EFBC}") = "apiLoginTracker", "apiLoginTracker.csproj", "{A6FED6E8-8AE2-4164-921F-BF3B612C0AFB}"
EndProject
Global
	GlobalSection(SolutionConfigurationPlatforms) = preSolution
		Debug|Any CPU = Debug|Any CPU
		Release|Any CPU = Release|Any CPU
	EndGlobalSection
	GlobalSection(ProjectConfigurationPlatforms) = postSolution
		{A6FED6E8-8AE2-4164-921F-BF3B612C0AFB}.Debug|Any CPU.ActiveCfg = Debug|Any CPU
		{A6FED6E8-8AE2-4164-921F-BF3B612C0AFB}.Debug|Any CPU.Build.0 = Debug|Any CPU
		{A6FED6E8-8AE2-4164-921F-BF3B612C0AFB}.Release|Any CPU.ActiveCfg = Release|Any CPU
		{A6FED6E8-8AE2-4164-921F-BF3B612C0AFB}.Release|Any CPU.Build.0 = Release|Any CPU
	EndGlobalSection
	GlobalSection(SolutionProperties) = preSolution
		HideSolutionNode = FALSE
	EndGlobalSection
	GlobalSection(ExtensibilityGlobals) = postSolution
		SolutionGuid = {45EC8858-6313-406E-80A8-4A54620E18A3}
	EndGlobalSection
EndGlobal
